
Microsoft Visual Studio Solution File, Format Version 12.00
# Visual Studio 15
VisualStudioVersion = 15.0.28307.168
MinimumVisualStudioVersion = 10.0.40219.1
Project("{8BC9CEB8-8B4A-11D0-8D11-00A0C91BC942}") = "cpp", "cpp\cpp.vcxproj", "{5C2CBEA1-6DBA-44BE-BB5B-CE1C64B84373}"
EndProject
Project("{8BC9CEB8-8B4A-11D0-8D11-00A0C91BC942}") = "StarCreaft", "StarCreaft\StarCreaft.vcxproj", "{2F24349C-D394-4BF0-94AF-766747F3C2C3}"
EndProject
Project("{8BC9CEB8-8B4A-11D0-8D11-00A0C91BC942}") = "Sort", "Sort\Sort.vcxproj", "{75B86B4C-6264-4010-8604-55D979600360}"
EndProject
Global
	GlobalSection(SolutionConfigurationPlatforms) = preSolution
		Debug|x64 = Debug|x64
		Debug|x86 = Debug|x86
		Release|x64 = Release|x64
		Release|x86 = Release|x86
	EndGlobalSection
	GlobalSection(ProjectConfigurationPlatforms) = postSolution
		{5C2CBEA1-6DBA-44BE-BB5B-CE1C64B84373}.Debug|x64.ActiveCfg = Debug|x64
		{5C2CBEA1-6DBA-44BE-BB5B-CE1C64B84373}.Debug|x64.Build.0 = Debug|x64
		{5C2CBEA1-6DBA-44BE-BB5B-CE1C64B84373}.Debug|x86.ActiveCfg = Debug|Win32
		{5C2CBEA1-6DBA-44BE-BB5B-CE1C64B84373}.Debug|x86.Build.0 = Debug|Win32
		{5C2CBEA1-6DBA-44BE-BB5B-CE1C64B84373}.Release|x64.ActiveCfg = Release|x64
		{5C2CBEA1-6DBA-44BE-BB5B-CE1C64B84373}.Release|x64.Build.0 = Release|x64
		{5C2CBEA1-6DBA-44BE-BB5B-CE1C64B84373}.Release|x86.ActiveCfg = Release|Win32
		{5C2CBEA1-6DBA-44BE-BB5B-CE1C64B84373}.Release|x86.Build.0 = Release|Win32
		{2F24349C-D394-4BF0-94AF-766747F3C2C3}.Debug|x64.ActiveCfg = Debug|x64
		{2F24349C-D394-4BF0-94AF-766747F3C2C3}.Debug|x64.Build.0 = Debug|x64
		{2F24349C-D394-4BF0-94AF-766747F3C2C3}.Debug|x86.ActiveCfg = Debug|Win32
		{2F24349C-D394-4BF0-94AF-766747F3C2C3}.Debug|x86.Build.0 = Debug|Win32
		{2F24349C-D394-4BF0-94AF-766747F3C2C3}.Release|x64.ActiveCfg = Release|x64
		{2F24349C-D394-4BF0-94AF-766747F3C2C3}.Release|x64.Build.0 = Release|x64
		{2F24349C-D394-4BF0-94AF-766747F3C2C3}.Release|x86.ActiveCfg = Release|Win32
		{2F24349C-D394-4BF0-94AF-766747F3C2C3}.Release|x86.Build.0 = Release|Win32
		{75B86B4C-6264-4010-8604-55D979600360}.Debug|x64.ActiveCfg = Debug|x64
		{75B86B4C-6264-4010-8604-55D979600360}.Debug|x64.Build.0 = Debug|x64
		{75B86B4C-6264-4010-8604-55D979600360}.Debug|x86.ActiveCfg = Debug|Win32
		{75B86B4C-6264-4010-8604-55D979600360}.Debug|x86.Build.0 = Debug|Win32
		{75B86B4C-6264-4010-8604-55D979600360}.Release|x64.ActiveCfg = Release|x64
		{75B86B4C-6264-4010-8604-55D979600360}.Release|x64.Build.0 = Release|x64
		{75B86B4C-6264-4010-8604-55D979600360}.Release|x86.ActiveCfg = Release|Win32
		{75B86B4C-6264-4010-8604-55D979600360}.Release|x86.Build.0 = Release|Win32
	EndGlobalSection
	GlobalSection(SolutionProperties) = preSolution
		HideSolutionNode = FALSE
	EndGlobalSection
	GlobalSection(ExtensibilityGlobals) = postSolution
		SolutionGuid = {9DAE18A5-552B-4BF4-A27E-44ED4A96B402}
	EndGlobalSection
EndGlobal
